
Microsoft Visual Studio Solution File, Format Version 12.00
# Visual Studio Version 16
VisualStudioVersion = 16.0.29306.81
MinimumVisualStudioVersion = 10.0.40219.1
Project("{00D1A9C2-B5F0-4AF3-8072-F6C62B433612}") = "Dfc.CourseDirectory.Database", "..\src\Dfc.CourseDirectory.Database\Dfc.CourseDirectory.Database.sqlproj", "{08458BC6-E51F-4320-9663-225509D4B11A}"
EndProject
Project("{9A19103F-16F7-4668-BE54-9A1E7A4F7556}") = "Dfc.CourseDirectory.Core", "..\src\Dfc.CourseDirectory.Core\Dfc.CourseDirectory.Core.csproj", "{B15BDE09-4023-4B9B-9D5A-F4F2EC74DF1C}"
EndProject
Project("{9A19103F-16F7-4668-BE54-9A1E7A4F7556}") = "Dfc.CourseDirectory.Testing", "..\tests\Dfc.CourseDirectory.Testing\Dfc.CourseDirectory.Testing.csproj", "{6CF1AD20-2EA1-4275-8E99-BAF0B07D364E}"
EndProject
Project("{9A19103F-16F7-4668-BE54-9A1E7A4F7556}") = "Dfc.CourseDirectory.Api", "..\src\Dfc.CourseDirectory.Api\Dfc.CourseDirectory.Api.csproj", "{D25F7C06-1A1F-4CC0-9CC6-DD20E26BB9E1}"
EndProject
Global
	GlobalSection(SolutionConfigurationPlatforms) = preSolution
		Debug|Any CPU = Debug|Any CPU
		Release|Any CPU = Release|Any CPU
	EndGlobalSection
	GlobalSection(ProjectConfigurationPlatforms) = postSolution
		{08458BC6-E51F-4320-9663-225509D4B11A}.Debug|Any CPU.ActiveCfg = Debug|Any CPU
		{08458BC6-E51F-4320-9663-225509D4B11A}.Debug|Any CPU.Build.0 = Debug|Any CPU
		{08458BC6-E51F-4320-9663-225509D4B11A}.Release|Any CPU.ActiveCfg = Release|Any CPU
		{08458BC6-E51F-4320-9663-225509D4B11A}.Release|Any CPU.Build.0 = Release|Any CPU
		{B15BDE09-4023-4B9B-9D5A-F4F2EC74DF1C}.Debug|Any CPU.ActiveCfg = Debug|Any CPU
		{B15BDE09-4023-4B9B-9D5A-F4F2EC74DF1C}.Debug|Any CPU.Build.0 = Debug|Any CPU
		{B15BDE09-4023-4B9B-9D5A-F4F2EC74DF1C}.Release|Any CPU.ActiveCfg = Release|Any CPU
		{B15BDE09-4023-4B9B-9D5A-F4F2EC74DF1C}.Release|Any CPU.Build.0 = Release|Any CPU
		{6CF1AD20-2EA1-4275-8E99-BAF0B07D364E}.Debug|Any CPU.ActiveCfg = Debug|Any CPU
		{6CF1AD20-2EA1-4275-8E99-BAF0B07D364E}.Debug|Any CPU.Build.0 = Debug|Any CPU
		{6CF1AD20-2EA1-4275-8E99-BAF0B07D364E}.Release|Any CPU.ActiveCfg = Release|Any CPU
		{6CF1AD20-2EA1-4275-8E99-BAF0B07D364E}.Release|Any CPU.Build.0 = Release|Any CPU
		{D25F7C06-1A1F-4CC0-9CC6-DD20E26BB9E1}.Debug|Any CPU.ActiveCfg = Debug|Any CPU
		{D25F7C06-1A1F-4CC0-9CC6-DD20E26BB9E1}.Debug|Any CPU.Build.0 = Debug|Any CPU
		{D25F7C06-1A1F-4CC0-9CC6-DD20E26BB9E1}.Release|Any CPU.ActiveCfg = Release|Any CPU
		{D25F7C06-1A1F-4CC0-9CC6-DD20E26BB9E1}.Release|Any CPU.Build.0 = Release|Any CPU
	EndGlobalSection
	GlobalSection(SolutionProperties) = preSolution
		HideSolutionNode = FALSE
	EndGlobalSection
	GlobalSection(ExtensibilityGlobals) = postSolution
		SolutionGuid = {0079CB89-A4F8-4056-BBC0-FDFBF72BC50C}
	EndGlobalSection
EndGlobal
