
Microsoft Visual Studio Solution File, Format Version 12.00
# Visual Studio 15
VisualStudioVersion = 15.0.28010.2046
MinimumVisualStudioVersion = 10.0.40219.1
Project("{9A19103F-16F7-4668-BE54-9A1E7A4F7556}") = "Dfc.CourseDirectory.Web", "src\Dfc.CourseDirectory.Web\Dfc.CourseDirectory.Web.csproj", "{4DBAC9AD-D836-4E81-8FFA-40D71A02C996}"
EndProject
Project("{9A19103F-16F7-4668-BE54-9A1E7A4F7556}") = "Dfc.CourseDirectory.Web.Tests", "tests\Dfc.CourseDirectory.Web.Tests\Dfc.CourseDirectory.Web.Tests.csproj", "{904B9F52-F70C-4A21-9C3F-F7D643D0C3BB}"
EndProject
Project("{9A19103F-16F7-4668-BE54-9A1E7A4F7556}") = "Dfc.CourseDirectory.Services", "src\Dfc.CourseDirectory.Services\Dfc.CourseDirectory.Services.csproj", "{E12E0977-5EDE-4358-8ECA-5D7B346A0226}"
EndProject
Project("{9A19103F-16F7-4668-BE54-9A1E7A4F7556}") = "Dfc.CourseDirectory.Services.Tests", "tests\Dfc.CourseDirectory.Services.Tests\Dfc.CourseDirectory.Services.Tests.csproj", "{74C4A183-086D-4EC3-B43F-717F1FA61753}"
EndProject
Project("{9A19103F-16F7-4668-BE54-9A1E7A4F7556}") = "Dfc.CourseDirectory.Common", "src\Dfc.CourseDirectory.Common\Dfc.CourseDirectory.Common.csproj", "{1ABC0C0E-7FC6-4AFD-B5D3-16968304AE0F}"
EndProject
Project("{9A19103F-16F7-4668-BE54-9A1E7A4F7556}") = "Dfc.CourseDirectory.Common.Tests", "tests\Dfc.CourseDirectory.Common.Tests\Dfc.CourseDirectory.Common.Tests.csproj", "{73F7ED81-2C68-404A-9907-E835637E2B58}"
EndProject
Global
	GlobalSection(SolutionConfigurationPlatforms) = preSolution
		Debug|Any CPU = Debug|Any CPU
		Release|Any CPU = Release|Any CPU
	EndGlobalSection
	GlobalSection(ProjectConfigurationPlatforms) = postSolution
		{4DBAC9AD-D836-4E81-8FFA-40D71A02C996}.Debug|Any CPU.ActiveCfg = Debug|Any CPU
		{4DBAC9AD-D836-4E81-8FFA-40D71A02C996}.Debug|Any CPU.Build.0 = Debug|Any CPU
		{4DBAC9AD-D836-4E81-8FFA-40D71A02C996}.Release|Any CPU.ActiveCfg = Release|Any CPU
		{4DBAC9AD-D836-4E81-8FFA-40D71A02C996}.Release|Any CPU.Build.0 = Release|Any CPU
		{904B9F52-F70C-4A21-9C3F-F7D643D0C3BB}.Debug|Any CPU.ActiveCfg = Debug|Any CPU
		{904B9F52-F70C-4A21-9C3F-F7D643D0C3BB}.Debug|Any CPU.Build.0 = Debug|Any CPU
		{904B9F52-F70C-4A21-9C3F-F7D643D0C3BB}.Release|Any CPU.ActiveCfg = Release|Any CPU
		{904B9F52-F70C-4A21-9C3F-F7D643D0C3BB}.Release|Any CPU.Build.0 = Release|Any CPU
		{E12E0977-5EDE-4358-8ECA-5D7B346A0226}.Debug|Any CPU.ActiveCfg = Debug|Any CPU
		{E12E0977-5EDE-4358-8ECA-5D7B346A0226}.Debug|Any CPU.Build.0 = Debug|Any CPU
		{E12E0977-5EDE-4358-8ECA-5D7B346A0226}.Release|Any CPU.ActiveCfg = Release|Any CPU
		{E12E0977-5EDE-4358-8ECA-5D7B346A0226}.Release|Any CPU.Build.0 = Release|Any CPU
		{74C4A183-086D-4EC3-B43F-717F1FA61753}.Debug|Any CPU.ActiveCfg = Debug|Any CPU
		{74C4A183-086D-4EC3-B43F-717F1FA61753}.Debug|Any CPU.Build.0 = Debug|Any CPU
		{74C4A183-086D-4EC3-B43F-717F1FA61753}.Release|Any CPU.ActiveCfg = Release|Any CPU
		{74C4A183-086D-4EC3-B43F-717F1FA61753}.Release|Any CPU.Build.0 = Release|Any CPU
		{1ABC0C0E-7FC6-4AFD-B5D3-16968304AE0F}.Debug|Any CPU.ActiveCfg = Debug|Any CPU
		{1ABC0C0E-7FC6-4AFD-B5D3-16968304AE0F}.Debug|Any CPU.Build.0 = Debug|Any CPU
		{1ABC0C0E-7FC6-4AFD-B5D3-16968304AE0F}.Release|Any CPU.ActiveCfg = Release|Any CPU
		{1ABC0C0E-7FC6-4AFD-B5D3-16968304AE0F}.Release|Any CPU.Build.0 = Release|Any CPU
		{73F7ED81-2C68-404A-9907-E835637E2B58}.Debug|Any CPU.ActiveCfg = Debug|Any CPU
		{73F7ED81-2C68-404A-9907-E835637E2B58}.Debug|Any CPU.Build.0 = Debug|Any CPU
		{73F7ED81-2C68-404A-9907-E835637E2B58}.Release|Any CPU.ActiveCfg = Release|Any CPU
		{73F7ED81-2C68-404A-9907-E835637E2B58}.Release|Any CPU.Build.0 = Release|Any CPU
	EndGlobalSection
	GlobalSection(SolutionProperties) = preSolution
		HideSolutionNode = FALSE
	EndGlobalSection
	GlobalSection(ExtensibilityGlobals) = postSolution
		SolutionGuid = {0079CB89-A4F8-4056-BBC0-FDFBF72BC50C}
	EndGlobalSection
EndGlobal
